// !$*UTF8*$!
{
	archiveVersion = 1;
	classes = {
	};
	objectVersion = 46;
	objects = {

/* Begin PBXBuildFile section */
		033A40CF1BBFC1A600C704FA /* AppDelegate.swift in Sources */ = {isa = PBXBuildFile; fileRef = 033A40CE1BBFC1A600C704FA /* AppDelegate.swift */; };
		033A40D11BBFC1A600C704FA /* ViewController.swift in Sources */ = {isa = PBXBuildFile; fileRef = 033A40D01BBFC1A600C704FA /* ViewController.swift */; };
		033A40D41BBFC1A600C704FA /* Main.storyboard in Resources */ = {isa = PBXBuildFile; fileRef = 033A40D21BBFC1A600C704FA /* Main.storyboard */; };
		033A40D61BBFC1A600C704FA /* Images.xcassets in Resources */ = {isa = PBXBuildFile; fileRef = 033A40D51BBFC1A600C704FA /* Images.xcassets */; };
		033A40D91BBFC1A600C704FA /* LaunchScreen.xib in Resources */ = {isa = PBXBuildFile; fileRef = 033A40D71BBFC1A600C704FA /* LaunchScreen.xib */; };
		033A40E51BBFC1A600C704FA /* TipCalcTests.swift in Sources */ = {isa = PBXBuildFile; fileRef = 033A40E41BBFC1A600C704FA /* TipCalcTests.swift */; };
/* End PBXBuildFile section */

/* Begin PBXContainerItemProxy section */
		033A40DF1BBFC1A600C704FA /* PBXContainerItemProxy */ = {
			isa = PBXContainerItemProxy;
			containerPortal = 033A40C11BBFC1A600C704FA /* Project object */;
			proxyType = 1;
			remoteGlobalIDString = 033A40C81BBFC1A600C704FA;
			remoteInfo = TipCalc;
		};
/* End PBXContainerItemProxy section */

/* Begin PBXFileReference section */
		033A40C91BBFC1A600C704FA /* TipCalc.app */ = {isa = PBXFileReference; explicitFileType = wrapper.application; includeInIndex = 0; path = TipCalc.app; sourceTree = BUILT_PRODUCTS_DIR; };
		033A40CD1BBFC1A600C704FA /* Info.plist */ = {isa = PBXFileReference; lastKnownFileType = text.plist.xml; path = Info.plist; sourceTree = "<group>"; };
		033A40CE1BBFC1A600C704FA /* AppDelegate.swift */ = {isa = PBXFileReference; lastKnownFileType = sourcecode.swift; path = AppDelegate.swift; sourceTree = "<group>"; };
		033A40D01BBFC1A600C704FA /* ViewController.swift */ = {isa = PBXFileReference; lastKnownFileType = sourcecode.swift; path = ViewController.swift; sourceTree = "<group>"; };
		033A40D31BBFC1A600C704FA /* Base */ = {isa = PBXFileReference; lastKnownFileType = file.storyboard; name = Base; path = Base.lproj/Main.storyboard; sourceTree = "<group>"; };
		033A40D51BBFC1A600C704FA /* Images.xcassets */ = {isa = PBXFileReference; lastKnownFileType = folder.assetcatalog; path = Images.xcassets; sourceTree = "<group>"; };
		033A40D81BBFC1A600C704FA /* Base */ = {isa = PBXFileReference; lastKnownFileType = file.xib; name = Base; path = Base.lproj/LaunchScreen.xib; sourceTree = "<group>"; };
		033A40DE1BBFC1A600C704FA /* TipCalcTests.xctest */ = {isa = PBXFileReference; explicitFileType = wrapper.cfbundle; includeInIndex = 0; path = TipCalcTests.xctest; sourceTree = BUILT_PRODUCTS_DIR; };
		033A40E31BBFC1A600C704FA /* Info.plist */ = {isa = PBXFileReference; lastKnownFileType = text.plist.xml; path = Info.plist; sourceTree = "<group>"; };
		033A40E41BBFC1A600C704FA /* TipCalcTests.swift */ = {isa = PBXFileReference; lastKnownFileType = sourcecode.swift; path = TipCalcTests.swift; sourceTree = "<group>"; };
/* End PBXFileReference section */

/* Begin PBXFrameworksBuildPhase section */
		033A40C61BBFC1A600C704FA /* Frameworks */ = {
			isa = PBXFrameworksBuildPhase;
			buildActionMask = 2147483647;
			files = (
			);
			runOnlyForDeploymentPostprocessing = 0;
		};
		033A40DB1BBFC1A600C704FA /* Frameworks */ = {
			isa = PBXFrameworksBuildPhase;
			buildActionMask = 2147483647;
			files = (
			);
			runOnlyForDeploymentPostprocessing = 0;
		};
/* End PBXFrameworksBuildPhase section */

/* Begin PBXGroup section */
		033A40C01BBFC1A600C704FA = {
			isa = PBXGroup;
			children = (
				033A40CB1BBFC1A600C704FA /* TipCalc */,
				033A40E11BBFC1A600C704FA /* TipCalcTests */,
				033A40CA1BBFC1A600C704FA /* Products */,
			);
			sourceTree = "<group>";
		};
		033A40CA1BBFC1A600C704FA /* Products */ = {
			isa = PBXGroup;
			children = (
				033A40C91BBFC1A600C704FA /* TipCalc.app */,
				033A40DE1BBFC1A600C704FA /* TipCalcTests.xctest */,
			);
			name = Products;
			sourceTree = "<group>";
		};
		033A40CB1BBFC1A600C704FA /* TipCalc */ = {
			isa = PBXGroup;
			children = (
				033A40CE1BBFC1A600C704FA /* AppDelegate.swift */,
				033A40D01BBFC1A600C704FA /* ViewController.swift */,
				033A40D21BBFC1A600C704FA /* Main.storyboard */,
				033A40D51BBFC1A600C704FA /* Images.xcassets */,
				033A40D71BBFC1A600C704FA /* LaunchScreen.xib */,
				033A40CC1BBFC1A600C704FA /* Supporting Files */,
			);
			path = TipCalc;
			sourceTree = "<group>";
		};
		033A40CC1BBFC1A600C704FA /* Supporting Files */ = {
			isa = PBXGroup;
			children = (
				033A40CD1BBFC1A600C704FA /* Info.plist */,
			);
			name = "Supporting Files";
			sourceTree = "<group>";
		};
		033A40E11BBFC1A600C704FA /* TipCalcTests */ = {
			isa = PBXGroup;
			children = (
				033A40E41BBFC1A600C704FA /* TipCalcTests.swift */,
				033A40E21BBFC1A600C704FA /* Supporting Files */,
			);
			path = TipCalcTests;
			sourceTree = "<group>";
		};
		033A40E21BBFC1A600C704FA /* Supporting Files */ = {
			isa = PBXGroup;
			children = (
				033A40E31BBFC1A600C704FA /* Info.plist */,
			);
			name = "Supporting Files";
			sourceTree = "<group>";
		};
/* End PBXGroup section */

/* Begin PBXNativeTarget section */
		033A40C81BBFC1A600C704FA /* TipCalc */ = {
			isa = PBXNativeTarget;
			buildConfigurationList = 033A40E81BBFC1A600C704FA /* Build configuration list for PBXNativeTarget "TipCalc" */;
			buildPhases = (
				033A40C51BBFC1A600C704FA /* Sources */,
				033A40C61BBFC1A600C704FA /* Frameworks */,
				033A40C71BBFC1A600C704FA /* Resources */,
			);
			buildRules = (
			);
			dependencies = (
			);
			name = TipCalc;
			productName = TipCalc;
			productReference = 033A40C91BBFC1A600C704FA /* TipCalc.app */;
			productType = "com.apple.product-type.application";
		};
		033A40DD1BBFC1A600C704FA /* TipCalcTests */ = {
			isa = PBXNativeTarget;
			buildConfigurationList = 033A40EB1BBFC1A600C704FA /* Build configuration list for PBXNativeTarget "TipCalcTests" */;
			buildPhases = (
				033A40DA1BBFC1A600C704FA /* Sources */,
				033A40DB1BBFC1A600C704FA /* Frameworks */,
				033A40DC1BBFC1A600C704FA /* Resources */,
			);
			buildRules = (
			);
			dependencies = (
				033A40E01BBFC1A600C704FA /* PBXTargetDependency */,
			);
			name = TipCalcTests;
			productName = TipCalcTests;
			productReference = 033A40DE1BBFC1A600C704FA /* TipCalcTests.xctest */;
			productType = "com.apple.product-type.bundle.unit-test";
		};
/* End PBXNativeTarget section */

/* Begin PBXProject section */
		033A40C11BBFC1A600C704FA /* Project object */ = {
			isa = PBXProject;
			attributes = {
				LastUpgradeCheck = 0640;
				ORGANIZATIONNAME = Veena;
				TargetAttributes = {
					033A40C81BBFC1A600C704FA = {
						CreatedOnToolsVersion = 6.4;
					};
					033A40DD1BBFC1A600C704FA = {
						CreatedOnToolsVersion = 6.4;
						TestTargetID = 033A40C81BBFC1A600C704FA;
					};
				};
			};
			buildConfigurationList = 033A40C41BBFC1A600C704FA /* Build configuration list for PBXProject "TipCalc" */;
			compatibilityVersion = "Xcode 3.2";
			developmentRegion = English;
			hasScannedForEncodings = 0;
			knownRegions = (
				en,
				Base,
			);
			mainGroup = 033A40C01BBFC1A600C704FA;
			productRefGroup = 033A40CA1BBFC1A600C704FA /* Products */;
			projectDirPath = "";
			projectRoot = "";
			targets = (
				033A40C81BBFC1A600C704FA /* TipCalc */,
				033A40DD1BBFC1A600C704FA /* TipCalcTests */,
			);
		};
/* End PBXProject section */

/* Begin PBXResourcesBuildPhase section */
		033A40C71BBFC1A600C704FA /* Resources */ = {
			isa = PBXResourcesBuildPhase;
			buildActionMask = 2147483647;
			files = (
				033A40D41BBFC1A600C704FA /* Main.storyboard in Resources */,
				033A40D91BBFC1A600C704FA /* LaunchScreen.xib in Resources */,
				033A40D61BBFC1A600C704FA /* Images.xcassets in Resources */,
			);
			runOnlyForDeploymentPostprocessing = 0;
		};
		033A40DC1BBFC1A600C704FA /* Resources */ = {
			isa = PBXResourcesBuildPhase;
			buildActionMask = 2147483647;
			files = (
			);
			runOnlyForDeploymentPostprocessing = 0;
		};
/* End PBXResourcesBuildPhase section */

/* Begin PBXSourcesBuildPhase section */
		033A40C51BBFC1A600C704FA /* Sources */ = {
			isa = PBXSourcesBuildPhase;
			buildActionMask = 2147483647;
			files = (
				033A40D11BBFC1A600C704FA /* ViewController.swift in Sources */,
				033A40CF1BBFC1A600C704FA /* AppDelegate.swift in Sources */,
			);
			runOnlyForDeploymentPostprocessing = 0;
		};
		033A40DA1BBFC1A600C704FA /* Sources */ = {
			isa = PBXSourcesBuildPhase;
			buildActionMask = 2147483647;
			files = (
				033A40E51BBFC1A600C704FA /* TipCalcTests.swift in Sources */,
			);
			runOnlyForDeploymentPostprocessing = 0;
		};
/* End PBXSourcesBuildPhase section */

/* Begin PBXTargetDependency section */
		033A40E01BBFC1A600C704FA /* PBXTargetDependency */ = {
			isa = PBXTargetDependency;
			target = 033A40C81BBFC1A600C704FA /* TipCalc */;
			targetProxy = 033A40DF1BBFC1A600C704FA /* PBXContainerItemProxy */;
		};
/* End PBXTargetDependency section */

/* Begin PBXVariantGroup section */
		033A40D21BBFC1A600C704FA /* Main.storyboard */ = {
			isa = PBXVariantGroup;
			children = (
				033A40D31BBFC1A600C704FA /* Base */,
			);
			name = Main.storyboard;
			sourceTree = "<group>";
		};
		033A40D71BBFC1A600C704FA /* LaunchScreen.xib */ = {
			isa = PBXVariantGroup;
			children = (
				033A40D81BBFC1A600C704FA /* Base */,
			);
			name = LaunchScreen.xib;
			sourceTree = "<group>";
		};
/* End PBXVariantGroup section */

/* Begin XCBuildConfiguration section */
		033A40E61BBFC1A600C704FA /* Debug */ = {
			isa = XCBuildConfiguration;
			buildSettings = {
				ALWAYS_SEARCH_USER_PATHS = NO;
				CLANG_CXX_LANGUAGE_STANDARD = "gnu++0x";
				CLANG_CXX_LIBRARY = "libc++";
				CLANG_ENABLE_MODULES = YES;
				CLANG_ENABLE_OBJC_ARC = YES;
				CLANG_WARN_BOOL_CONVERSION = YES;
				CLANG_WARN_CONSTANT_CONVERSION = YES;
				CLANG_WARN_DIRECT_OBJC_ISA_USAGE = YES_ERROR;
				CLANG_WARN_EMPTY_BODY = YES;
				CLANG_WARN_ENUM_CONVERSION = YES;
				CLANG_WARN_INT_CONVERSION = YES;
				CLANG_WARN_OBJC_ROOT_CLASS = YES_ERROR;
				CLANG_WARN_UNREACHABLE_CODE = YES;
				CLANG_WARN__DUPLICATE_METHOD_MATCH = YES;
				"CODE_SIGN_IDENTITY[sdk=iphoneos*]" = "iPhone Developer";
				COPY_PHASE_STRIP = NO;
				DEBUG_INFORMATION_FORMAT = "dwarf-with-dsym";
				ENABLE_STRICT_OBJC_MSGSEND = YES;
				GCC_C_LANGUAGE_STANDARD = gnu99;
				GCC_DYNAMIC_NO_PIC = NO;
				GCC_NO_COMMON_BLOCKS = YES;
				GCC_OPTIMIZATION_LEVEL = 0;
				GCC_PREPROCESSOR_DEFINITIONS = (
					"DEBUG=1",
					"$(inherited)",
				);
				GCC_SYMBOLS_PRIVATE_EXTERN = NO;
				GCC_WARN_64_TO_32_BIT_CONVERSION = YES;
				GCC_WARN_ABOUT_RETURN_TYPE = YES_ERROR;
				GCC_WARN_UNDECLARED_SELECTOR = YES;
				GCC_WARN_UNINITIALIZED_AUTOS = YES_AGGRESSIVE;
				GCC_WARN_UNUSED_FUNCTION = YES;
				GCC_WARN_UNUSED_VARIABLE = YES;
				IPHONEOS_DEPLOYMENT_TARGET = 8.4;
				MTL_ENABLE_DEBUG_INFO = YES;
				ONLY_ACTIVE_ARCH = YES;
				SDKROOT = iphoneos;
				SWIFT_OPTIMIZATION_LEVEL = "-Onone";
				TARGETED_DEVICE_FAMILY = "1,2";
			};
			name = Debug;
		};
		033A40E71BBFC1A600C704FA /* Release */ = {
			isa = XCBuildConfiguration;
			buildSettings = {
				ALWAYS_SEARCH_USER_PATHS = NO;
				CLANG_CXX_LANGUAGE_STANDARD = "gnu++0x";
				CLANG_CXX_LIBRARY = "libc++";
				CLANG_ENABLE_MODULES = YES;
				CLANG_ENABLE_OBJC_ARC = YES;
				CLANG_WARN_BOOL_CONVERSION = YES;
				CLANG_WARN_CONSTANT_CONVERSION = YES;
				CLANG_WARN_DIRECT_OBJC_ISA_USAGE = YES_ERROR;
				CLANG_WARN_EMPTY_BODY = YES;
				CLANG_WARN_ENUM_CONVERSION = YES;
				CLANG_WARN_INT_CONVERSION = YES;
				CLANG_WARN_OBJC_ROOT_CLASS = YES_ERROR;
				CLANG_WARN_UNREACHABLE_CODE = YES;
				CLANG_WARN__DUPLICATE_METHOD_MATCH = YES;
				"CODE_SIGN_IDENTITY[sdk=iphoneos*]" = "iPhone Developer";
				COPY_PHASE_STRIP = NO;
				DEBUG_INFORMATION_FORMAT = "dwarf-with-dsym";
				ENABLE_NS_ASSERTIONS = NO;
				ENABLE_STRICT_OBJC_MSGSEND = YES;
				GCC_C_LANGUAGE_STANDARD = gnu99;
				GCC_NO_COMMON_BLOCKS = YES;
				GCC_WARN_64_TO_32_BIT_CONVERSION = YES;
				GCC_WARN_ABOUT_RETURN_TYPE = YES_ERROR;
				GCC_WARN_UNDECLARED_SELECTOR = YES;
				GCC_WARN_UNINITIALIZED_AUTOS = YES_AGGRESSIVE;
				GCC_WARN_UNUSED_FUNCTION = YES;
				GCC_WARN_UNUSED_VARIABLE = YES;
				IPHONEOS_DEPLOYMENT_TARGET = 8.4;
				MTL_ENABLE_DEBUG_INFO = NO;
				SDKROOT = iphoneos;
				TARGETED_DEVICE_FAMILY = "1,2";
				VALIDATE_PRODUCT = YES;
			};
			name = Release;
		};
		033A40E91BBFC1A600C704FA /* Debug */ = {
			isa = XCBuildConfiguration;
			buildSettings = {
				ASSETCATALOG_COMPILER_APPICON_NAME = AppIcon;
				INFOPLIST_FILE = TipCalc/Info.plist;
				LD_RUNPATH_SEARCH_PATHS = "$(inherited) @executable_path/Frameworks";
				PRODUCT_NAME = "$(TARGET_NAME)";
			};
			name = Debug;
		};
		033A40EA1BBFC1A600C704FA /* Release */ = {
			isa = XCBuildConfiguration;
			buildSettings = {
				ASSETCATALOG_COMPILER_APPICON_NAME = AppIcon;
				INFOPLIST_FILE = TipCalc/Info.plist;
				LD_RUNPATH_SEARCH_PATHS = "$(inherited) @executable_path/Frameworks";
				PRODUCT_NAME = "$(TARGET_NAME)";
			};
			name = Release;
		};
		033A40EC1BBFC1A600C704FA /* Debug */ = {
			isa = XCBuildConfiguration;
			buildSettings = {
				BUNDLE_LOADER = "$(TEST_HOST)";
				FRAMEWORK_SEARCH_PATHS = (
					"$(SDKROOT)/Developer/Library/Frameworks",
					"$(inherited)",
				);
				GCC_PREPROCESSOR_DEFINITIONS = (
					"DEBUG=1",
					"$(inherited)",
				);
				INFOPLIST_FILE = TipCalcTests/Info.plist;
				LD_RUNPATH_SEARCH_PATHS = "$(inherited) @executable_path/Frameworks @loader_path/Frameworks";
				PRODUCT_NAME = "$(TARGET_NAME)";
				TEST_HOST = "$(BUILT_PRODUCTS_DIR)/TipCalc.app/TipCalc";
			};
			name = Debug;
		};
		033A40ED1BBFC1A600C704FA /* Release */ = {
			isa = XCBuildConfiguration;
			buildSettings = {
				BUNDLE_LOADER = "$(TEST_HOST)";
				FRAMEWORK_SEARCH_PATHS = (
					"$(SDKROOT)/Developer/Library/Frameworks",
					"$(inherited)",
				);
				INFOPLIST_FILE = TipCalcTests/Info.plist;
				LD_RUNPATH_SEARCH_PATHS = "$(inherited) @executable_path/Frameworks @loader_path/Frameworks";
				PRODUCT_NAME = "$(TARGET_NAME)";
				TEST_HOST = "$(BUILT_PRODUCTS_DIR)/TipCalc.app/TipCalc";
			};
			name = Release;
		};
/* End XCBuildConfiguration section */

/* Begin XCConfigurationList section */
		033A40C41BBFC1A600C704FA /* Build configuration list for PBXProject "TipCalc" */ = {
			isa = XCConfigurationList;
			buildConfigurations = (
				033A40E61BBFC1A600C704FA /* Debug */,
				033A40E71BBFC1A600C704FA /* Release */,
			);
			defaultConfigurationIsVisible = 0;
			defaultConfigurationName = Release;
		};
		033A40E81BBFC1A600C704FA /* Build configuration list for PBXNativeTarget "TipCalc" */ = {
			isa = XCConfigurationList;
			buildConfigurations = (
				033A40E91BBFC1A600C704FA /* Debug */,
				033A40EA1BBFC1A600C704FA /* Release */,
			);
			defaultConfigurationIsVisible = 0;
		};
		033A40EB1BBFC1A600C704FA /* Build configuration list for PBXNativeTarget "TipCalcTests" */ = {
			isa = XCConfigurationList;
			buildConfigurations = (
				033A40EC1BBFC1A600C704FA /* Debug */,
				033A40ED1BBFC1A600C704FA /* Release */,
			);
			defaultConfigurationIsVisible = 0;
		};
/* End XCConfigurationList section */
	};
	rootObject = 033A40C11BBFC1A600C704FA /* Project object */;
}
